
Microsoft Visual Studio Solution File, Format Version 12.00
# Visual Studio Version 17
VisualStudioVersion = 17.2.32630.192
MinimumVisualStudioVersion = 10.0.40219.1
Project("{FAE04EC0-301F-11D3-BF4B-00C04F79EFBC}") = "bienToanCuc_bienCucBo", "bienToanCuc_bienCucBo\bienToanCuc_bienCucBo.csproj", "{EF8A2A30-0C65-4288-966B-F8429ED8DBA6}"
EndProject
Global
	GlobalSection(SolutionConfigurationPlatforms) = preSolution
		Debug|Any CPU = Debug|Any CPU
		Release|Any CPU = Release|Any CPU
	EndGlobalSection
	GlobalSection(ProjectConfigurationPlatforms) = postSolution
		{EF8A2A30-0C65-4288-966B-F8429ED8DBA6}.Debug|Any CPU.ActiveCfg = Debug|Any CPU
		{EF8A2A30-0C65-4288-966B-F8429ED8DBA6}.Debug|Any CPU.Build.0 = Debug|Any CPU
		{EF8A2A30-0C65-4288-966B-F8429ED8DBA6}.Release|Any CPU.ActiveCfg = Release|Any CPU
		{EF8A2A30-0C65-4288-966B-F8429ED8DBA6}.Release|Any CPU.Build.0 = Release|Any CPU
	EndGlobalSection
	GlobalSection(SolutionProperties) = preSolution
		HideSolutionNode = FALSE
	EndGlobalSection
	GlobalSection(ExtensibilityGlobals) = postSolution
		SolutionGuid = {8BE2DCF3-245B-4AB7-AB01-1A1BCE92F843}
	EndGlobalSection
EndGlobal
